
Microsoft Visual Studio Solution File, Format Version 12.00
# Visual Studio Version 16
VisualStudioVersion = 25.0.1706.4
MinimumVisualStudioVersion = 10.0.40219.1
Project("{FAE04EC0-301F-11D3-BF4B-00C04F79EFBC}") = "parliament_simulator", "parliament_simulator\parliament_simulator.csproj", "{257F9F04-CE44-4021-BC4E-78A66895E6CD}"
EndProject
Project("{2150E333-8FDC-42A3-9474-1A3956D46DE8}") = "Solution Items", "Solution Items", "{9991F1BE-1BD3-4577-9EC1-0839A9052595}"
	ProjectSection(SolutionItems) = preProject
		.editorconfig = .editorconfig
	EndProjectSection
EndProject
Global
	GlobalSection(SolutionConfigurationPlatforms) = preSolution
		Debug|Any CPU = Debug|Any CPU
		Release|Any CPU = Release|Any CPU
	EndGlobalSection
	GlobalSection(ProjectConfigurationPlatforms) = postSolution
		{257F9F04-CE44-4021-BC4E-78A66895E6CD}.Debug|Any CPU.ActiveCfg = Debug|Any CPU
		{257F9F04-CE44-4021-BC4E-78A66895E6CD}.Debug|Any CPU.Build.0 = Debug|Any CPU
		{257F9F04-CE44-4021-BC4E-78A66895E6CD}.Release|Any CPU.ActiveCfg = Release|Any CPU
		{257F9F04-CE44-4021-BC4E-78A66895E6CD}.Release|Any CPU.Build.0 = Release|Any CPU
	EndGlobalSection
	GlobalSection(SolutionProperties) = preSolution
		HideSolutionNode = FALSE
	EndGlobalSection
	GlobalSection(ExtensibilityGlobals) = postSolution
		SolutionGuid = {CD2600F2-4C00-4C74-80E2-93EA52092C38}
	EndGlobalSection
EndGlobal
