
Microsoft Visual Studio Solution File, Format Version 12.00
# Visual Studio Version 16
VisualStudioVersion = 25.0.1706.4
MinimumVisualStudioVersion = 10.0.40219.1
Project("{FAE04EC0-301F-11D3-BF4B-00C04F79EFBC}") = "game", "game\game.csproj", "{4939831D-F4D4-41BE-835E-8305727D0BE5}"
EndProject
Global
	GlobalSection(SolutionConfigurationPlatforms) = preSolution
		Debug|Any CPU = Debug|Any CPU
		Release|Any CPU = Release|Any CPU
	EndGlobalSection
	GlobalSection(ProjectConfigurationPlatforms) = postSolution
		{4939831D-F4D4-41BE-835E-8305727D0BE5}.Debug|Any CPU.ActiveCfg = Debug|Any CPU
		{4939831D-F4D4-41BE-835E-8305727D0BE5}.Debug|Any CPU.Build.0 = Debug|Any CPU
		{4939831D-F4D4-41BE-835E-8305727D0BE5}.Release|Any CPU.ActiveCfg = Release|Any CPU
		{4939831D-F4D4-41BE-835E-8305727D0BE5}.Release|Any CPU.Build.0 = Release|Any CPU
	EndGlobalSection
	GlobalSection(SolutionProperties) = preSolution
		HideSolutionNode = FALSE
	EndGlobalSection
	GlobalSection(ExtensibilityGlobals) = postSolution
		SolutionGuid = {6F94351D-A024-45C6-8F02-18306110CB98}
	EndGlobalSection
EndGlobal
